
Microsoft Visual Studio Solution File, Format Version 12.00
# Visual Studio Version 17
VisualStudioVersion = 17.9.34607.119
MinimumVisualStudioVersion = 10.0.40219.1
Project("{9A19103F-16F7-4668-BE54-9A1E7A4F7556}") = "Aime_Prog_POE", "Aime_Prog_POE\Aime_Prog_POE.csproj", "{3A0D936A-8312-41EC-9D8E-721E02762C69}"
EndProject
Project("{2150E333-8FDC-42A3-9474-1A3956D46DE8}") = "Solution Items", "Solution Items", "{D7E0C158-E719-49E0-B546-6E2685797F20}"
	ProjectSection(SolutionItems) = preProject
		.editorconfig = .editorconfig
	EndProjectSection
EndProject
Project("{FAE04EC0-301F-11D3-BF4B-00C04F79EFBC}") = "Aime_Prog_POE.Tests", "Aime_Prog_POE.Tests\Aime_Prog_POE.Tests.csproj", "{02CF9983-D795-4B87-B83B-3EEAE0F2059E}"
EndProject
Global
	GlobalSection(SolutionConfigurationPlatforms) = preSolution
		Debug|Any CPU = Debug|Any CPU
		Release|Any CPU = Release|Any CPU
	EndGlobalSection
	GlobalSection(ProjectConfigurationPlatforms) = postSolution
		{3A0D936A-8312-41EC-9D8E-721E02762C69}.Debug|Any CPU.ActiveCfg = Debug|Any CPU
		{3A0D936A-8312-41EC-9D8E-721E02762C69}.Debug|Any CPU.Build.0 = Debug|Any CPU
		{3A0D936A-8312-41EC-9D8E-721E02762C69}.Release|Any CPU.ActiveCfg = Release|Any CPU
		{3A0D936A-8312-41EC-9D8E-721E02762C69}.Release|Any CPU.Build.0 = Release|Any CPU
		{02CF9983-D795-4B87-B83B-3EEAE0F2059E}.Debug|Any CPU.ActiveCfg = Debug|Any CPU
		{02CF9983-D795-4B87-B83B-3EEAE0F2059E}.Debug|Any CPU.Build.0 = Debug|Any CPU
		{02CF9983-D795-4B87-B83B-3EEAE0F2059E}.Release|Any CPU.ActiveCfg = Release|Any CPU
		{02CF9983-D795-4B87-B83B-3EEAE0F2059E}.Release|Any CPU.Build.0 = Release|Any CPU
	EndGlobalSection
	GlobalSection(SolutionProperties) = preSolution
		HideSolutionNode = FALSE
	EndGlobalSection
	GlobalSection(NestedProjects) = preSolution
		{02CF9983-D795-4B87-B83B-3EEAE0F2059E} = {D7E0C158-E719-49E0-B546-6E2685797F20}
	EndGlobalSection
	GlobalSection(ExtensibilityGlobals) = postSolution
		SolutionGuid = {A55D1C3F-28D1-45FF-845F-3A072A0C4471}
	EndGlobalSection
EndGlobal
